
Microsoft Visual Studio Solution File, Format Version 12.00
# Visual Studio 14
VisualStudioVersion = 14.0.25123.0
MinimumVisualStudioVersion = 10.0.40219.1
Project("{FAE04EC0-301F-11D3-BF4B-00C04F79EFBC}") = "King.Azure.Imaging", "King.Azure.Imaging\King.Azure.Imaging.csproj", "{B46D9E63-EF4B-4FA7-83E0-BABF2249D6EB}"
EndProject
Project("{2150E333-8FDC-42A3-9474-1A3956D46DE8}") = "Testing", "Testing", "{D0B7DDCB-6F08-4EDE-9676-5C4D9E7DEA25}"
EndProject
Project("{FAE04EC0-301F-11D3-BF4B-00C04F79EFBC}") = "King.Azure.Imaging.Unit.Test", "King.Azure.Imaging.Unit.Test\King.Azure.Imaging.Unit.Test.csproj", "{C0E6FD07-60D9-4EBF-BC0A-35B59B571611}"
EndProject
Project("{FAE04EC0-301F-11D3-BF4B-00C04F79EFBC}") = "King.Azure.Imaging.Integration.Test", "King.Azure.Imaging.Integration.Test\King.Azure.Imaging.Integration.Test.csproj", "{A7881C78-CEF9-4EDA-88A4-90FB824D53B3}"
EndProject
Project("{2150E333-8FDC-42A3-9474-1A3956D46DE8}") = "Demo", "Demo", "{024BCDB8-6711-4DCE-BB36-BAB0AA0F2FFE}"
EndProject
Project("{FAE04EC0-301F-11D3-BF4B-00C04F79EFBC}") = "King.Azure.Imaging.Mvc", "King.Azure.Imaging.Mvc\King.Azure.Imaging.Mvc.csproj", "{B5C9C3FB-F919-4C83-871F-626EB5042F64}"
EndProject
Project("{2150E333-8FDC-42A3-9474-1A3956D46DE8}") = "Solution Items", "Solution Items", "{1D2E8EE8-075E-4EB0-A697-BBAECAD0FBCB}"
	ProjectSection(SolutionItems) = preProject
		King.Azure.Imaging.nuspec = King.Azure.Imaging.nuspec
		README.md = README.md
	EndProjectSection
EndProject
Project("{FAE04EC0-301F-11D3-BF4B-00C04F79EFBC}") = "King.Azure.Imaging.WebJob", "King.Azure.Imaging.WebJob\King.Azure.Imaging.WebJob.csproj", "{4C26EBE3-05D6-40F8-AB0E-E6C780DFA39E}"
EndProject
Global
	GlobalSection(SolutionConfigurationPlatforms) = preSolution
		Debug|Any CPU = Debug|Any CPU
		Release|Any CPU = Release|Any CPU
	EndGlobalSection
	GlobalSection(ProjectConfigurationPlatforms) = postSolution
		{B46D9E63-EF4B-4FA7-83E0-BABF2249D6EB}.Debug|Any CPU.ActiveCfg = Debug|Any CPU
		{B46D9E63-EF4B-4FA7-83E0-BABF2249D6EB}.Debug|Any CPU.Build.0 = Debug|Any CPU
		{B46D9E63-EF4B-4FA7-83E0-BABF2249D6EB}.Release|Any CPU.ActiveCfg = Release|Any CPU
		{B46D9E63-EF4B-4FA7-83E0-BABF2249D6EB}.Release|Any CPU.Build.0 = Release|Any CPU
		{C0E6FD07-60D9-4EBF-BC0A-35B59B571611}.Debug|Any CPU.ActiveCfg = Debug|Any CPU
		{C0E6FD07-60D9-4EBF-BC0A-35B59B571611}.Debug|Any CPU.Build.0 = Debug|Any CPU
		{C0E6FD07-60D9-4EBF-BC0A-35B59B571611}.Release|Any CPU.ActiveCfg = Release|Any CPU
		{C0E6FD07-60D9-4EBF-BC0A-35B59B571611}.Release|Any CPU.Build.0 = Release|Any CPU
		{A7881C78-CEF9-4EDA-88A4-90FB824D53B3}.Debug|Any CPU.ActiveCfg = Debug|Any CPU
		{A7881C78-CEF9-4EDA-88A4-90FB824D53B3}.Debug|Any CPU.Build.0 = Debug|Any CPU
		{A7881C78-CEF9-4EDA-88A4-90FB824D53B3}.Release|Any CPU.ActiveCfg = Release|Any CPU
		{A7881C78-CEF9-4EDA-88A4-90FB824D53B3}.Release|Any CPU.Build.0 = Release|Any CPU
		{B5C9C3FB-F919-4C83-871F-626EB5042F64}.Debug|Any CPU.ActiveCfg = Debug|Any CPU
		{B5C9C3FB-F919-4C83-871F-626EB5042F64}.Debug|Any CPU.Build.0 = Debug|Any CPU
		{B5C9C3FB-F919-4C83-871F-626EB5042F64}.Release|Any CPU.ActiveCfg = Release|Any CPU
		{B5C9C3FB-F919-4C83-871F-626EB5042F64}.Release|Any CPU.Build.0 = Release|Any CPU
		{4C26EBE3-05D6-40F8-AB0E-E6C780DFA39E}.Debug|Any CPU.ActiveCfg = Debug|Any CPU
		{4C26EBE3-05D6-40F8-AB0E-E6C780DFA39E}.Debug|Any CPU.Build.0 = Debug|Any CPU
		{4C26EBE3-05D6-40F8-AB0E-E6C780DFA39E}.Release|Any CPU.ActiveCfg = Release|Any CPU
		{4C26EBE3-05D6-40F8-AB0E-E6C780DFA39E}.Release|Any CPU.Build.0 = Release|Any CPU
	EndGlobalSection
	GlobalSection(SolutionProperties) = preSolution
		HideSolutionNode = FALSE
	EndGlobalSection
	GlobalSection(NestedProjects) = preSolution
		{C0E6FD07-60D9-4EBF-BC0A-35B59B571611} = {D0B7DDCB-6F08-4EDE-9676-5C4D9E7DEA25}
		{A7881C78-CEF9-4EDA-88A4-90FB824D53B3} = {D0B7DDCB-6F08-4EDE-9676-5C4D9E7DEA25}
		{B5C9C3FB-F919-4C83-871F-626EB5042F64} = {024BCDB8-6711-4DCE-BB36-BAB0AA0F2FFE}
	EndGlobalSection
EndGlobal
