
Microsoft Visual Studio Solution File, Format Version 12.00
# Visual Studio 14
VisualStudioVersion = 14.0.25420.1
MinimumVisualStudioVersion = 10.0.40219.1
Project("{2150E333-8FDC-42A3-9474-1A3956D46DE8}") = "Testing", "Testing", "{D0B7DDCB-6F08-4EDE-9676-5C4D9E7DEA25}"
EndProject
Project("{2150E333-8FDC-42A3-9474-1A3956D46DE8}") = "Demo", "Demo", "{024BCDB8-6711-4DCE-BB36-BAB0AA0F2FFE}"
EndProject
Project("{FAE04EC0-301F-11D3-BF4B-00C04F79EFBC}") = "King.Azure.Imaging.Mvc", "King.Azure.Imaging.Mvc\King.Azure.Imaging.Mvc.csproj", "{B5C9C3FB-F919-4C83-871F-626EB5042F64}"
EndProject
Project("{2150E333-8FDC-42A3-9474-1A3956D46DE8}") = "Solution Items", "Solution Items", "{1D2E8EE8-075E-4EB0-A697-BBAECAD0FBCB}"
	ProjectSection(SolutionItems) = preProject
		README.md = README.md
	EndProjectSection
EndProject
Project("{8BB2217D-0F2D-49D1-97BC-3654ED321F3B}") = "King.Azure.Imaging", "King.Azure.Imaging\King.Azure.Imaging.xproj", "{6E9CD996-B4B9-4D97-A778-FE9D4C323EAB}"
EndProject
Project("{8BB2217D-0F2D-49D1-97BC-3654ED321F3B}") = "King.Azure.Imaging.WebJob", "King.Azure.Imaging.WebJob\King.Azure.Imaging.WebJob.xproj", "{E9A3A8B1-D623-4243-A536-A7ECE2869BCD}"
EndProject
Project("{8BB2217D-0F2D-49D1-97BC-3654ED321F3B}") = "King.Azure.Imaging.Test", "King.Azure.Imaging.Test\King.Azure.Imaging.Test.xproj", "{99849722-2A58-4181-8511-74E5397CB73E}"
EndProject
Global
	GlobalSection(SolutionConfigurationPlatforms) = preSolution
		Debug|Any CPU = Debug|Any CPU
		Release|Any CPU = Release|Any CPU
	EndGlobalSection
	GlobalSection(ProjectConfigurationPlatforms) = postSolution
		{B5C9C3FB-F919-4C83-871F-626EB5042F64}.Debug|Any CPU.ActiveCfg = Debug|Any CPU
		{B5C9C3FB-F919-4C83-871F-626EB5042F64}.Debug|Any CPU.Build.0 = Debug|Any CPU
		{B5C9C3FB-F919-4C83-871F-626EB5042F64}.Release|Any CPU.ActiveCfg = Release|Any CPU
		{B5C9C3FB-F919-4C83-871F-626EB5042F64}.Release|Any CPU.Build.0 = Release|Any CPU
		{6E9CD996-B4B9-4D97-A778-FE9D4C323EAB}.Debug|Any CPU.ActiveCfg = Debug|Any CPU
		{6E9CD996-B4B9-4D97-A778-FE9D4C323EAB}.Debug|Any CPU.Build.0 = Debug|Any CPU
		{6E9CD996-B4B9-4D97-A778-FE9D4C323EAB}.Release|Any CPU.ActiveCfg = Release|Any CPU
		{6E9CD996-B4B9-4D97-A778-FE9D4C323EAB}.Release|Any CPU.Build.0 = Release|Any CPU
		{E9A3A8B1-D623-4243-A536-A7ECE2869BCD}.Debug|Any CPU.ActiveCfg = Debug|Any CPU
		{E9A3A8B1-D623-4243-A536-A7ECE2869BCD}.Debug|Any CPU.Build.0 = Debug|Any CPU
		{E9A3A8B1-D623-4243-A536-A7ECE2869BCD}.Release|Any CPU.ActiveCfg = Release|Any CPU
		{E9A3A8B1-D623-4243-A536-A7ECE2869BCD}.Release|Any CPU.Build.0 = Release|Any CPU
		{99849722-2A58-4181-8511-74E5397CB73E}.Debug|Any CPU.ActiveCfg = Debug|Any CPU
		{99849722-2A58-4181-8511-74E5397CB73E}.Debug|Any CPU.Build.0 = Debug|Any CPU
		{99849722-2A58-4181-8511-74E5397CB73E}.Release|Any CPU.ActiveCfg = Release|Any CPU
		{99849722-2A58-4181-8511-74E5397CB73E}.Release|Any CPU.Build.0 = Release|Any CPU
	EndGlobalSection
	GlobalSection(SolutionProperties) = preSolution
		HideSolutionNode = FALSE
	EndGlobalSection
	GlobalSection(NestedProjects) = preSolution
		{B5C9C3FB-F919-4C83-871F-626EB5042F64} = {024BCDB8-6711-4DCE-BB36-BAB0AA0F2FFE}
		{99849722-2A58-4181-8511-74E5397CB73E} = {D0B7DDCB-6F08-4EDE-9676-5C4D9E7DEA25}
	EndGlobalSection
EndGlobal
